{
  "version": 4,
  "terraform_version": "1.3.7",
  "serial": 3,
  "lineage": "9df7244b-9816-47d9-61c1-d3486ccc7a11",
  "outputs": {},
  "resources": [
    {
      "mode": "managed",
      "type": "docker_image",
      "name": "nginx",
      "provider": "provider[\"registry.terraform.io/kreuzwerker/docker\"]",
      "instances": [
        {
          "schema_version": 0,
          "attributes": {
            "build": [],
            "force_remove": null,
            "id": "sha256:a99a39d070bfd1cb60fe65c45dea3a33764dc00a9546bf8dc46cb5a11b1b50e9nginx:latest",
            "image_id": "sha256:a99a39d070bfd1cb60fe65c45dea3a33764dc00a9546bf8dc46cb5a11b1b50e9",
            "keep_locally": false,
            "name": "nginx:latest",
            "platform": null,
            "pull_triggers": null,
            "repo_digest": "nginx@sha256:b8f2383a95879e1ae064940d9a200f67a6c79e710ed82ac42263397367e7cc4e",
            "triggers": null
          },
          "sensitive_attributes": [],
          "private": "bnVsbA=="
        }
      ]
    }
  ],
  "check_results": null
}
